
Microsoft Visual Studio Solution File, Format Version 12.00
# Visual Studio 15
Project("{FAE04EC0-301F-11D3-BF4B-00C04F79EFBC}") = "UnityEngine.TestRunner", "UnityEngine.TestRunner.csproj", "{6E386D50-6A73-9BAB-BF6F-8FA47D10A73D}"
EndProject
Project("{FAE04EC0-301F-11D3-BF4B-00C04F79EFBC}") = "Unity.Timeline", "Unity.Timeline.csproj", "{D9CC8BC4-D53E-6466-7D60-CB275D440977}"
EndProject
Project("{FAE04EC0-301F-11D3-BF4B-00C04F79EFBC}") = "UnityEngine.UI", "UnityEngine.UI.csproj", "{4D2117DD-D6ED-1FE6-C04F-11BF35EC0127}"
EndProject
Project("{FAE04EC0-301F-11D3-BF4B-00C04F79EFBC}") = "Unity.TextMeshPro", "Unity.TextMeshPro.csproj", "{CE7B1DF3-B811-FD63-10DB-AF5687F94176}"
EndProject
Project("{FAE04EC0-301F-11D3-BF4B-00C04F79EFBC}") = "Assembly-CSharp", "Assembly-CSharp.csproj", "{42054C31-D716-D4B2-874E-FC93BF49FE47}"
EndProject
Project("{FAE04EC0-301F-11D3-BF4B-00C04F79EFBC}") = "UnityEditor.TestRunner", "UnityEditor.TestRunner.csproj", "{86620C3E-886C-1069-8519-575238FAAACA}"
EndProject
Project("{FAE04EC0-301F-11D3-BF4B-00C04F79EFBC}") = "Unity.PlasticSCM.Editor", "Unity.PlasticSCM.Editor.csproj", "{B848B5A2-701B-D0BB-E782-EA51441E9A1F}"
EndProject
Project("{FAE04EC0-301F-11D3-BF4B-00C04F79EFBC}") = "UnityEditor.UI", "UnityEditor.UI.csproj", "{9E4C051C-11EF-8523-DB00-C6CC4063D03B}"
EndProject
Project("{FAE04EC0-301F-11D3-BF4B-00C04F79EFBC}") = "Unity.Services.Core.Editor", "Unity.Services.Core.Editor.csproj", "{3ED5A825-2C14-8A97-1B16-D5051B90B352}"
EndProject
Project("{FAE04EC0-301F-11D3-BF4B-00C04F79EFBC}") = "Unity.Timeline.Editor", "Unity.Timeline.Editor.csproj", "{00A1561D-2E4B-791A-73AE-E9D6B3A17100}"
EndProject
Project("{FAE04EC0-301F-11D3-BF4B-00C04F79EFBC}") = "Unity.VisualStudio.Editor", "Unity.VisualStudio.Editor.csproj", "{47901F9B-361A-E380-F2E2-D99E5AA1FCC0}"
EndProject
Project("{FAE04EC0-301F-11D3-BF4B-00C04F79EFBC}") = "Unity.TextMeshPro.Editor", "Unity.TextMeshPro.Editor.csproj", "{E9D7109D-ABD0-A564-3CC9-F7EF54F096FD}"
EndProject
Project("{FAE04EC0-301F-11D3-BF4B-00C04F79EFBC}") = "Unity.CollabProxy.Editor", "Unity.CollabProxy.Editor.csproj", "{B80F1FF2-9C00-B6E7-CBE1-155AFBB1A257}"
EndProject
Project("{FAE04EC0-301F-11D3-BF4B-00C04F79EFBC}") = "Unity.Rider.Editor", "Unity.Rider.Editor.csproj", "{08FBB904-FD0C-48B9-C469-24270D1142BC}"
EndProject
Project("{FAE04EC0-301F-11D3-BF4B-00C04F79EFBC}") = "Unity.VSCode.Editor", "Unity.VSCode.Editor.csproj", "{3D24CE48-9675-A23B-EE34-D735EC8A3ABE}"
EndProject
Project("{FAE04EC0-301F-11D3-BF4B-00C04F79EFBC}") = "UnityEngine.TestRunner", "UnityEngine.TestRunner.Player.csproj", "{5D96B83B-D21E-F1A5-CE56-1AB2D40C23B0}"
EndProject
Project("{FAE04EC0-301F-11D3-BF4B-00C04F79EFBC}") = "Unity.Timeline", "Unity.Timeline.Player.csproj", "{EE388207-E972-9780-F7F2-7E0D15517A5F}"
EndProject
Project("{FAE04EC0-301F-11D3-BF4B-00C04F79EFBC}") = "UnityEngine.UI", "UnityEngine.UI.Player.csproj", "{1EA7B85E-58FD-A4D0-C657-F487A0190D13}"
EndProject
Project("{FAE04EC0-301F-11D3-BF4B-00C04F79EFBC}") = "Unity.TextMeshPro", "Unity.TextMeshPro.Player.csproj", "{A92D5FD4-50FD-FD59-9735-8955E48713B1}"
EndProject
Project("{FAE04EC0-301F-11D3-BF4B-00C04F79EFBC}") = "Assembly-CSharp", "Assembly-CSharp.Player.csproj", "{F8B24F4D-A6C9-5875-A173-02F15A07EAA7}"
EndProject
Global
	GlobalSection(SolutionConfigurationPlatforms) = preSolution
		Debug|Any CPU = Debug|Any CPU
		Release|Any CPU = Release|Any CPU
	EndGlobalSection
	GlobalSection(ProjectConfigurationPlatforms) = postSolution
		{6E386D50-6A73-9BAB-BF6F-8FA47D10A73D}.Debug|Any CPU.ActiveCfg = Debug|Any CPU
		{6E386D50-6A73-9BAB-BF6F-8FA47D10A73D}.Debug|Any CPU.Build.0 = Debug|Any CPU
		{6E386D50-6A73-9BAB-BF6F-8FA47D10A73D}.Release|Any CPU.ActiveCfg = Release|Any CPU
		{6E386D50-6A73-9BAB-BF6F-8FA47D10A73D}.Release|Any CPU.Build.0 = Release|Any CPU
		{D9CC8BC4-D53E-6466-7D60-CB275D440977}.Debug|Any CPU.ActiveCfg = Debug|Any CPU
		{D9CC8BC4-D53E-6466-7D60-CB275D440977}.Debug|Any CPU.Build.0 = Debug|Any CPU
		{D9CC8BC4-D53E-6466-7D60-CB275D440977}.Release|Any CPU.ActiveCfg = Release|Any CPU
		{D9CC8BC4-D53E-6466-7D60-CB275D440977}.Release|Any CPU.Build.0 = Release|Any CPU
		{4D2117DD-D6ED-1FE6-C04F-11BF35EC0127}.Debug|Any CPU.ActiveCfg = Debug|Any CPU
		{4D2117DD-D6ED-1FE6-C04F-11BF35EC0127}.Debug|Any CPU.Build.0 = Debug|Any CPU
		{4D2117DD-D6ED-1FE6-C04F-11BF35EC0127}.Release|Any CPU.ActiveCfg = Release|Any CPU
		{4D2117DD-D6ED-1FE6-C04F-11BF35EC0127}.Release|Any CPU.Build.0 = Release|Any CPU
		{CE7B1DF3-B811-FD63-10DB-AF5687F94176}.Debug|Any CPU.ActiveCfg = Debug|Any CPU
		{CE7B1DF3-B811-FD63-10DB-AF5687F94176}.Debug|Any CPU.Build.0 = Debug|Any CPU
		{CE7B1DF3-B811-FD63-10DB-AF5687F94176}.Release|Any CPU.ActiveCfg = Release|Any CPU
		{CE7B1DF3-B811-FD63-10DB-AF5687F94176}.Release|Any CPU.Build.0 = Release|Any CPU
		{42054C31-D716-D4B2-874E-FC93BF49FE47}.Debug|Any CPU.ActiveCfg = Debug|Any CPU
		{42054C31-D716-D4B2-874E-FC93BF49FE47}.Debug|Any CPU.Build.0 = Debug|Any CPU
		{42054C31-D716-D4B2-874E-FC93BF49FE47}.Release|Any CPU.ActiveCfg = Release|Any CPU
		{42054C31-D716-D4B2-874E-FC93BF49FE47}.Release|Any CPU.Build.0 = Release|Any CPU
		{86620C3E-886C-1069-8519-575238FAAACA}.Debug|Any CPU.ActiveCfg = Debug|Any CPU
		{86620C3E-886C-1069-8519-575238FAAACA}.Debug|Any CPU.Build.0 = Debug|Any CPU
		{86620C3E-886C-1069-8519-575238FAAACA}.Release|Any CPU.ActiveCfg = Release|Any CPU
		{86620C3E-886C-1069-8519-575238FAAACA}.Release|Any CPU.Build.0 = Release|Any CPU
		{B848B5A2-701B-D0BB-E782-EA51441E9A1F}.Debug|Any CPU.ActiveCfg = Debug|Any CPU
		{B848B5A2-701B-D0BB-E782-EA51441E9A1F}.Debug|Any CPU.Build.0 = Debug|Any CPU
		{B848B5A2-701B-D0BB-E782-EA51441E9A1F}.Release|Any CPU.ActiveCfg = Release|Any CPU
		{B848B5A2-701B-D0BB-E782-EA51441E9A1F}.Release|Any CPU.Build.0 = Release|Any CPU
		{9E4C051C-11EF-8523-DB00-C6CC4063D03B}.Debug|Any CPU.ActiveCfg = Debug|Any CPU
		{9E4C051C-11EF-8523-DB00-C6CC4063D03B}.Debug|Any CPU.Build.0 = Debug|Any CPU
		{9E4C051C-11EF-8523-DB00-C6CC4063D03B}.Release|Any CPU.ActiveCfg = Release|Any CPU
		{9E4C051C-11EF-8523-DB00-C6CC4063D03B}.Release|Any CPU.Build.0 = Release|Any CPU
		{3ED5A825-2C14-8A97-1B16-D5051B90B352}.Debug|Any CPU.ActiveCfg = Debug|Any CPU
		{3ED5A825-2C14-8A97-1B16-D5051B90B352}.Debug|Any CPU.Build.0 = Debug|Any CPU
		{3ED5A825-2C14-8A97-1B16-D5051B90B352}.Release|Any CPU.ActiveCfg = Release|Any CPU
		{3ED5A825-2C14-8A97-1B16-D5051B90B352}.Release|Any CPU.Build.0 = Release|Any CPU
		{00A1561D-2E4B-791A-73AE-E9D6B3A17100}.Debug|Any CPU.ActiveCfg = Debug|Any CPU
		{00A1561D-2E4B-791A-73AE-E9D6B3A17100}.Debug|Any CPU.Build.0 = Debug|Any CPU
		{00A1561D-2E4B-791A-73AE-E9D6B3A17100}.Release|Any CPU.ActiveCfg = Release|Any CPU
		{00A1561D-2E4B-791A-73AE-E9D6B3A17100}.Release|Any CPU.Build.0 = Release|Any CPU
		{47901F9B-361A-E380-F2E2-D99E5AA1FCC0}.Debug|Any CPU.ActiveCfg = Debug|Any CPU
		{47901F9B-361A-E380-F2E2-D99E5AA1FCC0}.Debug|Any CPU.Build.0 = Debug|Any CPU
		{47901F9B-361A-E380-F2E2-D99E5AA1FCC0}.Release|Any CPU.ActiveCfg = Release|Any CPU
		{47901F9B-361A-E380-F2E2-D99E5AA1FCC0}.Release|Any CPU.Build.0 = Release|Any CPU
		{E9D7109D-ABD0-A564-3CC9-F7EF54F096FD}.Debug|Any CPU.ActiveCfg = Debug|Any CPU
		{E9D7109D-ABD0-A564-3CC9-F7EF54F096FD}.Debug|Any CPU.Build.0 = Debug|Any CPU
		{E9D7109D-ABD0-A564-3CC9-F7EF54F096FD}.Release|Any CPU.ActiveCfg = Release|Any CPU
		{E9D7109D-ABD0-A564-3CC9-F7EF54F096FD}.Release|Any CPU.Build.0 = Release|Any CPU
		{B80F1FF2-9C00-B6E7-CBE1-155AFBB1A257}.Debug|Any CPU.ActiveCfg = Debug|Any CPU
		{B80F1FF2-9C00-B6E7-CBE1-155AFBB1A257}.Debug|Any CPU.Build.0 = Debug|Any CPU
		{B80F1FF2-9C00-B6E7-CBE1-155AFBB1A257}.Release|Any CPU.ActiveCfg = Release|Any CPU
		{B80F1FF2-9C00-B6E7-CBE1-155AFBB1A257}.Release|Any CPU.Build.0 = Release|Any CPU
		{08FBB904-FD0C-48B9-C469-24270D1142BC}.Debug|Any CPU.ActiveCfg = Debug|Any CPU
		{08FBB904-FD0C-48B9-C469-24270D1142BC}.Debug|Any CPU.Build.0 = Debug|Any CPU
		{08FBB904-FD0C-48B9-C469-24270D1142BC}.Release|Any CPU.ActiveCfg = Release|Any CPU
		{08FBB904-FD0C-48B9-C469-24270D1142BC}.Release|Any CPU.Build.0 = Release|Any CPU
		{3D24CE48-9675-A23B-EE34-D735EC8A3ABE}.Debug|Any CPU.ActiveCfg = Debug|Any CPU
		{3D24CE48-9675-A23B-EE34-D735EC8A3ABE}.Debug|Any CPU.Build.0 = Debug|Any CPU
		{3D24CE48-9675-A23B-EE34-D735EC8A3ABE}.Release|Any CPU.ActiveCfg = Release|Any CPU
		{3D24CE48-9675-A23B-EE34-D735EC8A3ABE}.Release|Any CPU.Build.0 = Release|Any CPU
		{5D96B83B-D21E-F1A5-CE56-1AB2D40C23B0}.Debug|Any CPU.ActiveCfg = Debug|Any CPU
		{5D96B83B-D21E-F1A5-CE56-1AB2D40C23B0}.Debug|Any CPU.Build.0 = Debug|Any CPU
		{5D96B83B-D21E-F1A5-CE56-1AB2D40C23B0}.Release|Any CPU.ActiveCfg = Release|Any CPU
		{5D96B83B-D21E-F1A5-CE56-1AB2D40C23B0}.Release|Any CPU.Build.0 = Release|Any CPU
		{EE388207-E972-9780-F7F2-7E0D15517A5F}.Debug|Any CPU.ActiveCfg = Debug|Any CPU
		{EE388207-E972-9780-F7F2-7E0D15517A5F}.Debug|Any CPU.Build.0 = Debug|Any CPU
		{EE388207-E972-9780-F7F2-7E0D15517A5F}.Release|Any CPU.ActiveCfg = Release|Any CPU
		{EE388207-E972-9780-F7F2-7E0D15517A5F}.Release|Any CPU.Build.0 = Release|Any CPU
		{1EA7B85E-58FD-A4D0-C657-F487A0190D13}.Debug|Any CPU.ActiveCfg = Debug|Any CPU
		{1EA7B85E-58FD-A4D0-C657-F487A0190D13}.Debug|Any CPU.Build.0 = Debug|Any CPU
		{1EA7B85E-58FD-A4D0-C657-F487A0190D13}.Release|Any CPU.ActiveCfg = Release|Any CPU
		{1EA7B85E-58FD-A4D0-C657-F487A0190D13}.Release|Any CPU.Build.0 = Release|Any CPU
		{A92D5FD4-50FD-FD59-9735-8955E48713B1}.Debug|Any CPU.ActiveCfg = Debug|Any CPU
		{A92D5FD4-50FD-FD59-9735-8955E48713B1}.Debug|Any CPU.Build.0 = Debug|Any CPU
		{A92D5FD4-50FD-FD59-9735-8955E48713B1}.Release|Any CPU.ActiveCfg = Release|Any CPU
		{A92D5FD4-50FD-FD59-9735-8955E48713B1}.Release|Any CPU.Build.0 = Release|Any CPU
		{F8B24F4D-A6C9-5875-A173-02F15A07EAA7}.Debug|Any CPU.ActiveCfg = Debug|Any CPU
		{F8B24F4D-A6C9-5875-A173-02F15A07EAA7}.Debug|Any CPU.Build.0 = Debug|Any CPU
		{F8B24F4D-A6C9-5875-A173-02F15A07EAA7}.Release|Any CPU.ActiveCfg = Release|Any CPU
		{F8B24F4D-A6C9-5875-A173-02F15A07EAA7}.Release|Any CPU.Build.0 = Release|Any CPU
	EndGlobalSection
	GlobalSection(SolutionProperties) = preSolution
		HideSolutionNode = FALSE
	EndGlobalSection
EndGlobal
